// !$*UTF8*$!
{
	archiveVersion = 1;
	classes = {
	};
	objectVersion = 46;
	objects = {

/* Begin PBXBuildFile section */
		1640D38C1C6EA42D00A9ADA5 /* InAppPurchaseProduct.swift in Sources */ = {isa = PBXBuildFile; fileRef = 1640D38B1C6EA42D00A9ADA5 /* InAppPurchaseProduct.swift */; };
		1640D38E1C6EAD6800A9ADA5 /* AppContext.swift in Sources */ = {isa = PBXBuildFile; fileRef = 1640D38D1C6EAD6800A9ADA5 /* AppContext.swift */; };
		1640D3921C6ED2BE00A9ADA5 /* UIViewControllerExtensions.swift in Sources */ = {isa = PBXBuildFile; fileRef = 1640D3911C6ED2BE00A9ADA5 /* UIViewControllerExtensions.swift */; };
		1640D3A31C6FF03800A9ADA5 /* Realm.framework in Frameworks */ = {isa = PBXBuildFile; fileRef = 1640D3A11C6FF03800A9ADA5 /* Realm.framework */; };
		1640D3A41C6FF03800A9ADA5 /* Realm.framework in Embed Frameworks */ = {isa = PBXBuildFile; fileRef = 1640D3A11C6FF03800A9ADA5 /* Realm.framework */; settings = {ATTRIBUTES = (CodeSignOnCopy, RemoveHeadersOnCopy, ); }; };
		1640D3A51C6FF03800A9ADA5 /* RealmSwift.framework in Frameworks */ = {isa = PBXBuildFile; fileRef = 1640D3A21C6FF03800A9ADA5 /* RealmSwift.framework */; };
		1640D3A61C6FF03800A9ADA5 /* RealmSwift.framework in Embed Frameworks */ = {isa = PBXBuildFile; fileRef = 1640D3A21C6FF03800A9ADA5 /* RealmSwift.framework */; settings = {ATTRIBUTES = (CodeSignOnCopy, RemoveHeadersOnCopy, ); }; };
		166436D51CA75626004116D0 /* MyCategoryViewController.swift in Sources */ = {isa = PBXBuildFile; fileRef = 166436D41CA75626004116D0 /* MyCategoryViewController.swift */; };
		166436D71CA75846004116D0 /* MyCategoryContainerViewController.swift in Sources */ = {isa = PBXBuildFile; fileRef = 166436D61CA75846004116D0 /* MyCategoryContainerViewController.swift */; };
		166436DB1CA75AE6004116D0 /* MyCategoryCombinationItemListTableViewController.swift in Sources */ = {isa = PBXBuildFile; fileRef = 166436DA1CA75AE6004116D0 /* MyCategoryCombinationItemListTableViewController.swift */; };
		166436DD1CA76280004116D0 /* MyCategoryCombinationItemListTableViewCell.swift in Sources */ = {isa = PBXBuildFile; fileRef = 166436DC1CA76280004116D0 /* MyCategoryCombinationItemListTableViewCell.swift */; };
		166436DF1CA7920F004116D0 /* MyCategoryCombinationItemViewController.swift in Sources */ = {isa = PBXBuildFile; fileRef = 166436DE1CA7920F004116D0 /* MyCategoryCombinationItemViewController.swift */; };
		166C44C51CCAE5850008C193 /* GoogleService-Info.plist in Resources */ = {isa = PBXBuildFile; fileRef = 166C44C41CCAE5850008C193 /* GoogleService-Info.plist */; };
		166C44C61CCAE5850008C193 /* GoogleService-Info.plist in Resources */ = {isa = PBXBuildFile; fileRef = 166C44C41CCAE5850008C193 /* GoogleService-Info.plist */; };
		166C44C71CCAE5850008C193 /* GoogleService-Info.plist in Resources */ = {isa = PBXBuildFile; fileRef = 166C44C41CCAE5850008C193 /* GoogleService-Info.plist */; };
		166C44C91CCAFDB20008C193 /* AdBannerViewController.swift in Sources */ = {isa = PBXBuildFile; fileRef = 166C44C81CCAFDB20008C193 /* AdBannerViewController.swift */; };
		166C44CA1CCAFDB20008C193 /* AdBannerViewController.swift in Sources */ = {isa = PBXBuildFile; fileRef = 166C44C81CCAFDB20008C193 /* AdBannerViewController.swift */; };
		166C44CB1CCAFDB20008C193 /* AdBannerViewController.swift in Sources */ = {isa = PBXBuildFile; fileRef = 166C44C81CCAFDB20008C193 /* AdBannerViewController.swift */; };
		1678561E1C53A1BA00DC21E8 /* AppDelegate.swift in Sources */ = {isa = PBXBuildFile; fileRef = 1678561D1C53A1BA00DC21E8 /* AppDelegate.swift */; };
		167856231C53A1BA00DC21E8 /* Main.storyboard in Resources */ = {isa = PBXBuildFile; fileRef = 167856211C53A1BA00DC21E8 /* Main.storyboard */; };
		167856251C53A1BA00DC21E8 /* Assets.xcassets in Resources */ = {isa = PBXBuildFile; fileRef = 167856241C53A1BA00DC21E8 /* Assets.xcassets */; };
		167856281C53A1BA00DC21E8 /* LaunchScreen.storyboard in Resources */ = {isa = PBXBuildFile; fileRef = 167856261C53A1BA00DC21E8 /* LaunchScreen.storyboard */; };
		167856331C53A1BA00DC21E8 /* MixAndMatchTests.swift in Sources */ = {isa = PBXBuildFile; fileRef = 167856321C53A1BA00DC21E8 /* MixAndMatchTests.swift */; };
		1678563E1C53A1BA00DC21E8 /* MixAndMatchUITests.swift in Sources */ = {isa = PBXBuildFile; fileRef = 1678563D1C53A1BA00DC21E8 /* MixAndMatchUITests.swift */; };
		167856621C543B8700DC21E8 /* FolderListBaseTableViewController.swift in Sources */ = {isa = PBXBuildFile; fileRef = 167856611C543B8700DC21E8 /* FolderListBaseTableViewController.swift */; };
		167856651C543D1E00DC21E8 /* Folder.swift in Sources */ = {isa = PBXBuildFile; fileRef = 167856641C543D1E00DC21E8 /* Folder.swift */; };
		167856671C54450900DC21E8 /* Combination.swift in Sources */ = {isa = PBXBuildFile; fileRef = 167856661C54450900DC21E8 /* Combination.swift */; };
		167856691C54522400DC21E8 /* FolderListTableViewController.swift in Sources */ = {isa = PBXBuildFile; fileRef = 167856681C54522400DC21E8 /* FolderListTableViewController.swift */; };
		168829F41C5C602C006D383C /* AssetsLibrary.framework in Frameworks */ = {isa = PBXBuildFile; fileRef = 168829F21C5C602C006D383C /* AssetsLibrary.framework */; };
		168829F51C5C602C006D383C /* Photos.framework in Frameworks */ = {isa = PBXBuildFile; fileRef = 168829F31C5C602C006D383C /* Photos.framework */; };
		1689723B1C9563C000BBA648 /* MyCategoryListTableViewController.swift in Sources */ = {isa = PBXBuildFile; fileRef = 1689723A1C9563C000BBA648 /* MyCategoryListTableViewController.swift */; };
		1689723D1C956F4800BBA648 /* ImageUtility.swift in Sources */ = {isa = PBXBuildFile; fileRef = 1689723C1C956F4800BBA648 /* ImageUtility.swift */; };
		1689723F1C95705700BBA648 /* MyCategoryListTableViewCell.swift in Sources */ = {isa = PBXBuildFile; fileRef = 1689723E1C95705700BBA648 /* MyCategoryListTableViewCell.swift */; };
		168972411C957B5800BBA648 /* CombinationItemsOfMyCategoryCollectionViewController.swift in Sources */ = {isa = PBXBuildFile; fileRef = 168972401C957B5800BBA648 /* CombinationItemsOfMyCategoryCollectionViewController.swift */; };
		168972431C9580FF00BBA648 /* CombinationItemsOfMyCategoryCollectionViewCell.swift in Sources */ = {isa = PBXBuildFile; fileRef = 168972421C9580FF00BBA648 /* CombinationItemsOfMyCategoryCollectionViewCell.swift */; };
		1689FA8B1C79A6E8007E47FF /* FolderPickerTableViewController.swift in Sources */ = {isa = PBXBuildFile; fileRef = 1689FA8A1C79A6E8007E47FF /* FolderPickerTableViewController.swift */; };
		168D91601C5488A70069D44D /* CombinationListBaseTableViewController.swift in Sources */ = {isa = PBXBuildFile; fileRef = 168D915F1C5488A70069D44D /* CombinationListBaseTableViewController.swift */; };
		168D91621C549E130069D44D /* CombinationListTableViewController.swift in Sources */ = {isa = PBXBuildFile; fileRef = 168D91611C549E130069D44D /* CombinationListTableViewController.swift */; };
		168D91661C54A4870069D44D /* CombinationListTableViewCell.swift in Sources */ = {isa = PBXBuildFile; fileRef = 168D91641C54A4870069D44D /* CombinationListTableViewCell.swift */; };
		168D91671C54A4870069D44D /* CombinationListTableViewCell.xib in Resources */ = {isa = PBXBuildFile; fileRef = 168D91651C54A4870069D44D /* CombinationListTableViewCell.xib */; };
		168D91691C54AC8C0069D44D /* CombinationListFilteredTableViewController.swift in Sources */ = {isa = PBXBuildFile; fileRef = 168D91681C54AC8C0069D44D /* CombinationListFilteredTableViewController.swift */; };
		168D916C1C54B9960069D44D /* DateUtility.swift in Sources */ = {isa = PBXBuildFile; fileRef = 168D916B1C54B9960069D44D /* DateUtility.swift */; };
		168D91701C54BFF60069D44D /* Category.swift in Sources */ = {isa = PBXBuildFile; fileRef = 168D916F1C54BFF60069D44D /* Category.swift */; };
		168D91721C54C17A0069D44D /* CombinationItem.swift in Sources */ = {isa = PBXBuildFile; fileRef = 168D91711C54C17A0069D44D /* CombinationItem.swift */; };
		168D91741C54C7220069D44D /* CombinationEditTableViewController.swift in Sources */ = {isa = PBXBuildFile; fileRef = 168D91731C54C7220069D44D /* CombinationEditTableViewController.swift */; };
		168D91761C54DE1B0069D44D /* CombinationEditTableViewCell.swift in Sources */ = {isa = PBXBuildFile; fileRef = 168D91751C54DE1B0069D44D /* CombinationEditTableViewCell.swift */; };
		168D91781C54E0300069D44D /* CombinationItemCombinationEditTableViewCell.swift in Sources */ = {isa = PBXBuildFile; fileRef = 168D91771C54E0300069D44D /* CombinationItemCombinationEditTableViewCell.swift */; };
		168D917A1C54E6760069D44D /* CombinationItemCollectionViewCell.swift in Sources */ = {isa = PBXBuildFile; fileRef = 168D91791C54E6760069D44D /* CombinationItemCollectionViewCell.swift */; };
		168D917C1C54F36F0069D44D /* CategoryPickerTableViewController.swift in Sources */ = {isa = PBXBuildFile; fileRef = 168D917B1C54F36F0069D44D /* CategoryPickerTableViewController.swift */; };
		168D917E1C550A190069D44D /* CombinationItemViewController.swift in Sources */ = {isa = PBXBuildFile; fileRef = 168D917D1C550A190069D44D /* CombinationItemViewController.swift */; };
		169B02391C6758F800194927 /* ReceiptValidator.swift in Sources */ = {isa = PBXBuildFile; fileRef = 169B02381C6758F800194927 /* ReceiptValidator.swift */; };
		169B023B1C6761C900194927 /* AppleIncRootCertificate.cer in Resources */ = {isa = PBXBuildFile; fileRef = 169B023A1C6761C900194927 /* AppleIncRootCertificate.cer */; };
		169B02431C676A9B00194927 /* MixAndMatch-Bridging-Header.m in Sources */ = {isa = PBXBuildFile; fileRef = 169B02421C676A9B00194927 /* MixAndMatch-Bridging-Header.m */; };
		169B02471C67867100194927 /* libcrypto.a in Frameworks */ = {isa = PBXBuildFile; fileRef = 169B02451C67867100194927 /* libcrypto.a */; };
		169B02481C67867100194927 /* libssl.a in Frameworks */ = {isa = PBXBuildFile; fileRef = 169B02461C67867100194927 /* libssl.a */; };
		16A665461C81943F00413A3F /* PhotosUtility.swift in Sources */ = {isa = PBXBuildFile; fileRef = 16A665451C81943F00413A3F /* PhotosUtility.swift */; };
		16A665481C82D7B600413A3F /* RearrangeTableViewController.swift in Sources */ = {isa = PBXBuildFile; fileRef = 16A665471C82D7B600413A3F /* RearrangeTableViewController.swift */; };
		16A901311C5D8D2C0031B25C /* CombinationListCollectionViewCell.swift in Sources */ = {isa = PBXBuildFile; fileRef = 16A9012F1C5D8D2C0031B25C /* CombinationListCollectionViewCell.swift */; };
		16A901321C5D8D2C0031B25C /* CombinationListCollectionViewCell.xib in Resources */ = {isa = PBXBuildFile; fileRef = 16A901301C5D8D2C0031B25C /* CombinationListCollectionViewCell.xib */; };
		16A901361C66C3580031B25C /* InAppPurchaseProductsListTableViewController.swift in Sources */ = {isa = PBXBuildFile; fileRef = 16A901351C66C3580031B25C /* InAppPurchaseProductsListTableViewController.swift */; };
		16A901391C66C5E30031B25C /* AppStoreManager.swift in Sources */ = {isa = PBXBuildFile; fileRef = 16A901381C66C5E30031B25C /* AppStoreManager.swift */; };
		16A9013B1C66DC010031B25C /* AppStoreObserver.swift in Sources */ = {isa = PBXBuildFile; fileRef = 16A9013A1C66DC010031B25C /* AppStoreObserver.swift */; };
		16A9013D1C66FE960031B25C /* ProductIds.plist in Resources */ = {isa = PBXBuildFile; fileRef = 16A9013C1C66FE960031B25C /* ProductIds.plist */; };
		16B0A28D1CA672E200079F59 /* CategoryPickerTableViewCell.swift in Sources */ = {isa = PBXBuildFile; fileRef = 16B0A28C1CA672E200079F59 /* CategoryPickerTableViewCell.swift */; };
		51F50D8C86DFC717FDE2830A /* libPods.a in Frameworks */ = {isa = PBXBuildFile; fileRef = 3D0BE6888869A932572346A7 /* libPods.a */; };
/* End PBXBuildFile section */

/* Begin PBXContainerItemProxy section */
		1678562F1C53A1BA00DC21E8 /* PBXContainerItemProxy */ = {
			isa = PBXContainerItemProxy;
			containerPortal = 167856121C53A1BA00DC21E8 /* Project object */;
			proxyType = 1;
			remoteGlobalIDString = 167856191C53A1BA00DC21E8;
			remoteInfo = MixAndMatch;
		};
		1678563A1C53A1BA00DC21E8 /* PBXContainerItemProxy */ = {
			isa = PBXContainerItemProxy;
			containerPortal = 167856121C53A1BA00DC21E8 /* Project object */;
			proxyType = 1;
			remoteGlobalIDString = 167856191C53A1BA00DC21E8;
			remoteInfo = MixAndMatch;
		};
/* End PBXContainerItemProxy section */

/* Begin PBXCopyFilesBuildPhase section */
		1640D3A71C6FF03800A9ADA5 /* Embed Frameworks */ = {
			isa = PBXCopyFilesBuildPhase;
			buildActionMask = 2147483647;
			dstPath = "";
			dstSubfolderSpec = 10;
			files = (
				1640D3A61C6FF03800A9ADA5 /* RealmSwift.framework in Embed Frameworks */,
				1640D3A41C6FF03800A9ADA5 /* Realm.framework in Embed Frameworks */,
			);
			name = "Embed Frameworks";
			runOnlyForDeploymentPostprocessing = 0;
		};
/* End PBXCopyFilesBuildPhase section */

/* Begin PBXFileReference section */
		1640D3401C6C949300A9ADA5 /* aes.h */ = {isa = PBXFileReference; fileEncoding = 4; lastKnownFileType = sourcecode.c.h; path = aes.h; sourceTree = "<group>"; };
		1640D3411C6C949300A9ADA5 /* asn1_mac.h */ = {isa = PBXFileReference; fileEncoding = 4; lastKnownFileType = sourcecode.c.h; path = asn1_mac.h; sourceTree = "<group>"; };
		1640D3421C6C949300A9ADA5 /* asn1.h */ = {isa = PBXFileReference; fileEncoding = 4; lastKnownFileType = sourcecode.c.h; path = asn1.h; sourceTree = "<group>"; };
		1640D3431C6C949300A9ADA5 /* asn1t.h */ = {isa = PBXFileReference; fileEncoding = 4; lastKnownFileType = sourcecode.c.h; path = asn1t.h; sourceTree = "<group>"; };
		1640D3441C6C949300A9ADA5 /* bio.h */ = {isa = PBXFileReference; fileEncoding = 4; lastKnownFileType = sourcecode.c.h; path = bio.h; sourceTree = "<group>"; };
		1640D3451C6C949300A9ADA5 /* blowfish.h */ = {isa = PBXFileReference; fileEncoding = 4; lastKnownFileType = sourcecode.c.h; path = blowfish.h; sourceTree = "<group>"; };
		1640D3461C6C949300A9ADA5 /* bn.h */ = {isa = PBXFileReference; fileEncoding = 4; lastKnownFileType = sourcecode.c.h; path = bn.h; sourceTree = "<group>"; };
		1640D3471C6C949300A9ADA5 /* buffer.h */ = {isa = PBXFileReference; fileEncoding = 4; lastKnownFileType = sourcecode.c.h; path = buffer.h; sourceTree = "<group>"; };
		1640D3481C6C949300A9ADA5 /* camellia.h */ = {isa = PBXFileReference; fileEncoding = 4; lastKnownFileType = sourcecode.c.h; path = camellia.h; sourceTree = "<group>"; };
		1640D3491C6C949300A9ADA5 /* cast.h */ = {isa = PBXFileReference; fileEncoding = 4; lastKnownFileType = sourcecode.c.h; path = cast.h; sourceTree = "<group>"; };
		1640D34A1C6C949300A9ADA5 /* cmac.h */ = {isa = PBXFileReference; fileEncoding = 4; lastKnownFileType = sourcecode.c.h; path = cmac.h; sourceTree = "<group>"; };
		1640D34B1C6C949300A9ADA5 /* cms.h */ = {isa = PBXFileReference; fileEncoding = 4; lastKnownFileType = sourcecode.c.h; path = cms.h; sourceTree = "<group>"; };
		1640D34C1C6C949300A9ADA5 /* comp.h */ = {isa = PBXFileReference; fileEncoding = 4; lastKnownFileType = sourcecode.c.h; path = comp.h; sourceTree = "<group>"; };
		1640D34D1C6C949300A9ADA5 /* conf_api.h */ = {isa = PBXFileReference; fileEncoding = 4; lastKnownFileType = sourcecode.c.h; path = conf_api.h; sourceTree = "<group>"; };
		1640D34E1C6C949300A9ADA5 /* conf.h */ = {isa = PBXFileReference; fileEncoding = 4; lastKnownFileType = sourcecode.c.h; path = conf.h; sourceTree = "<group>"; };
		1640D34F1C6C949300A9ADA5 /* crypto.h */ = {isa = PBXFileReference; fileEncoding = 4; lastKnownFileType = sourcecode.c.h; path = crypto.h; sourceTree = "<group>"; };
		1640D3501C6C949300A9ADA5 /* des_old.h */ = {isa = PBXFileReference; fileEncoding = 4; lastKnownFileType = sourcecode.c.h; path = des_old.h; sourceTree = "<group>"; };
		1640D3511C6C949300A9ADA5 /* des.h */ = {isa = PBXFileReference; fileEncoding = 4; lastKnownFileType = sourcecode.c.h; path = des.h; sourceTree = "<group>"; };
		1640D3521C6C949300A9ADA5 /* dh.h */ = {isa = PBXFileReference; fileEncoding = 4; lastKnownFileType = sourcecode.c.h; path = dh.h; sourceTree = "<group>"; };
		1640D3531C6C949300A9ADA5 /* dsa.h */ = {isa = PBXFileReference; fileEncoding = 4; lastKnownFileType = sourcecode.c.h; path = dsa.h; sourceTree = "<group>"; };
		1640D3541C6C949300A9ADA5 /* dso.h */ = {isa = PBXFileReference; fileEncoding = 4; lastKnownFileType = sourcecode.c.h; path = dso.h; sourceTree = "<group>"; };
		1640D3551C6C949300A9ADA5 /* dtls1.h */ = {isa = PBXFileReference; fileEncoding = 4; lastKnownFileType = sourcecode.c.h; path = dtls1.h; sourceTree = "<group>"; };
		1640D3561C6C949300A9ADA5 /* e_os2.h */ = {isa = PBXFileReference; fileEncoding = 4; lastKnownFileType = sourcecode.c.h; path = e_os2.h; sourceTree = "<group>"; };
		1640D3571C6C949300A9ADA5 /* ebcdic.h */ = {isa = PBXFileReference; fileEncoding = 4; lastKnownFileType = sourcecode.c.h; path = ebcdic.h; sourceTree = "<group>"; };
		1640D3581C6C949300A9ADA5 /* ec.h */ = {isa = PBXFileReference; fileEncoding = 4; lastKnownFileType = sourcecode.c.h; path = ec.h; sourceTree = "<group>"; };
		1640D3591C6C949300A9ADA5 /* ecdh.h */ = {isa = PBXFileReference; fileEncoding = 4; lastKnownFileType = sourcecode.c.h; path = ecdh.h; sourceTree = "<group>"; };
		1640D35A1C6C949300A9ADA5 /* ecdsa.h */ = {isa = PBXFileReference; fileEncoding = 4; lastKnownFileType = sourcecode.c.h; path = ecdsa.h; sourceTree = "<group>"; };
		1640D35B1C6C949300A9ADA5 /* engine.h */ = {isa = PBXFileReference; fileEncoding = 4; lastKnownFileType = sourcecode.c.h; path = engine.h; sourceTree = "<group>"; };
		1640D35C1C6C949300A9ADA5 /* err.h */ = {isa = PBXFileReference; fileEncoding = 4; lastKnownFileType = sourcecode.c.h; path = err.h; sourceTree = "<group>"; };
		1640D35D1C6C949300A9ADA5 /* evp.h */ = {isa = PBXFileReference; fileEncoding = 4; lastKnownFileType = sourcecode.c.h; path = evp.h; sourceTree = "<group>"; };
		1640D35E1C6C949300A9ADA5 /* hmac.h */ = {isa = PBXFileReference; fileEncoding = 4; lastKnownFileType = sourcecode.c.h; path = hmac.h; sourceTree = "<group>"; };
		1640D35F1C6C949300A9ADA5 /* idea.h */ = {isa = PBXFileReference; fileEncoding = 4; lastKnownFileType = sourcecode.c.h; path = idea.h; sourceTree = "<group>"; };
		1640D3601C6C949300A9ADA5 /* krb5_asn.h */ = {isa = PBXFileReference; fileEncoding = 4; lastKnownFileType = sourcecode.c.h; path = krb5_asn.h; sourceTree = "<group>"; };
		1640D3611C6C949300A9ADA5 /* kssl.h */ = {isa = PBXFileReference; fileEncoding = 4; lastKnownFileType = sourcecode.c.h; path = kssl.h; sourceTree = "<group>"; };
		1640D3621C6C949300A9ADA5 /* lhash.h */ = {isa = PBXFileReference; fileEncoding = 4; lastKnownFileType = sourcecode.c.h; path = lhash.h; sourceTree = "<group>"; };
		1640D3631C6C949300A9ADA5 /* md4.h */ = {isa = PBXFileReference; fileEncoding = 4; lastKnownFileType = sourcecode.c.h; path = md4.h; sourceTree = "<group>"; };
		1640D3641C6C949300A9ADA5 /* md5.h */ = {isa = PBXFileReference; fileEncoding = 4; lastKnownFileType = sourcecode.c.h; path = md5.h; sourceTree = "<group>"; };
		1640D3651C6C949300A9ADA5 /* mdc2.h */ = {isa = PBXFileReference; fileEncoding = 4; lastKnownFileType = sourcecode.c.h; path = mdc2.h; sourceTree = "<group>"; };
		1640D3661C6C949300A9ADA5 /* modes.h */ = {isa = PBXFileReference; fileEncoding = 4; lastKnownFileType = sourcecode.c.h; path = modes.h; sourceTree = "<group>"; };
		1640D3671C6C949300A9ADA5 /* obj_mac.h */ = {isa = PBXFileReference; fileEncoding = 4; lastKnownFileType = sourcecode.c.h; path = obj_mac.h; sourceTree = "<group>"; };
		1640D3681C6C949300A9ADA5 /* objects.h */ = {isa = PBXFileReference; fileEncoding = 4; lastKnownFileType = sourcecode.c.h; path = objects.h; sourceTree = "<group>"; };
		1640D3691C6C949300A9ADA5 /* ocsp.h */ = {isa = PBXFileReference; fileEncoding = 4; lastKnownFileType = sourcecode.c.h; path = ocsp.h; sourceTree = "<group>"; };
		1640D36A1C6C949300A9ADA5 /* opensslconf.h */ = {isa = PBXFileReference; fileEncoding = 4; lastKnownFileType = sourcecode.c.h; path = opensslconf.h; sourceTree = "<group>"; };
		1640D36B1C6C949300A9ADA5 /* opensslv.h */ = {isa = PBXFileReference; fileEncoding = 4; lastKnownFileType = sourcecode.c.h; path = opensslv.h; sourceTree = "<group>"; };
		1640D36C1C6C949300A9ADA5 /* ossl_typ.h */ = {isa = PBXFileReference; fileEncoding = 4; lastKnownFileType = sourcecode.c.h; path = ossl_typ.h; sourceTree = "<group>"; };
		1640D36D1C6C949300A9ADA5 /* pem.h */ = {isa = PBXFileReference; fileEncoding = 4; lastKnownFileType = sourcecode.c.h; path = pem.h; sourceTree = "<group>"; };
		1640D36E1C6C949300A9ADA5 /* pem2.h */ = {isa = PBXFileReference; fileEncoding = 4; lastKnownFileType = sourcecode.c.h; path = pem2.h; sourceTree = "<group>"; };
		1640D36F1C6C949300A9ADA5 /* pkcs7.h */ = {isa = PBXFileReference; fileEncoding = 4; lastKnownFileType = sourcecode.c.h; path = pkcs7.h; sourceTree = "<group>"; };
		1640D3701C6C949300A9ADA5 /* pkcs12.h */ = {isa = PBXFileReference; fileEncoding = 4; lastKnownFileType = sourcecode.c.h; path = pkcs12.h; sourceTree = "<group>"; };
		1640D3711C6C949300A9ADA5 /* pqueue.h */ = {isa = PBXFileReference; fileEncoding = 4; lastKnownFileType = sourcecode.c.h; path = pqueue.h; sourceTree = "<group>"; };
		1640D3721C6C949300A9ADA5 /* rand.h */ = {isa = PBXFileReference; fileEncoding = 4; lastKnownFileType = sourcecode.c.h; path = rand.h; sourceTree = "<group>"; };
		1640D3731C6C949300A9ADA5 /* rc2.h */ = {isa = PBXFileReference; fileEncoding = 4; lastKnownFileType = sourcecode.c.h; path = rc2.h; sourceTree = "<group>"; };
		1640D3741C6C949300A9ADA5 /* rc4.h */ = {isa = PBXFileReference; fileEncoding = 4; lastKnownFileType = sourcecode.c.h; path = rc4.h; sourceTree = "<group>"; };
		1640D3751C6C949300A9ADA5 /* ripemd.h */ = {isa = PBXFileReference; fileEncoding = 4; lastKnownFileType = sourcecode.c.h; path = ripemd.h; sourceTree = "<group>"; };
		1640D3761C6C949300A9ADA5 /* rsa.h */ = {isa = PBXFileReference; fileEncoding = 4; lastKnownFileType = sourcecode.c.h; path = rsa.h; sourceTree = "<group>"; };
		1640D3771C6C949300A9ADA5 /* safestack.h */ = {isa = PBXFileReference; fileEncoding = 4; lastKnownFileType = sourcecode.c.h; path = safestack.h; sourceTree = "<group>"; };
		1640D3781C6C949300A9ADA5 /* seed.h */ = {isa = PBXFileReference; fileEncoding = 4; lastKnownFileType = sourcecode.c.h; path = seed.h; sourceTree = "<group>"; };
		1640D3791C6C949300A9ADA5 /* sha.h */ = {isa = PBXFileReference; fileEncoding = 4; lastKnownFileType = sourcecode.c.h; path = sha.h; sourceTree = "<group>"; };
		1640D37A1C6C949300A9ADA5 /* srp.h */ = {isa = PBXFileReference; fileEncoding = 4; lastKnownFileType = sourcecode.c.h; path = srp.h; sourceTree = "<group>"; };
		1640D37B1C6C949300A9ADA5 /* srtp.h */ = {isa = PBXFileReference; fileEncoding = 4; lastKnownFileType = sourcecode.c.h; path = srtp.h; sourceTree = "<group>"; };
		1640D37C1C6C949300A9ADA5 /* ssl.h */ = {isa = PBXFileReference; fileEncoding = 4; lastKnownFileType = sourcecode.c.h; path = ssl.h; sourceTree = "<group>"; };
		1640D37D1C6C949300A9ADA5 /* ssl2.h */ = {isa = PBXFileReference; fileEncoding = 4; lastKnownFileType = sourcecode.c.h; path = ssl2.h; sourceTree = "<group>"; };
		1640D37E1C6C949300A9ADA5 /* ssl3.h */ = {isa = PBXFileReference; fileEncoding = 4; lastKnownFileType = sourcecode.c.h; path = ssl3.h; sourceTree = "<group>"; };
		1640D37F1C6C949300A9ADA5 /* ssl23.h */ = {isa = PBXFileReference; fileEncoding = 4; lastKnownFileType = sourcecode.c.h; path = ssl23.h; sourceTree = "<group>"; };
		1640D3801C6C949300A9ADA5 /* stack.h */ = {isa = PBXFileReference; fileEncoding = 4; lastKnownFileType = sourcecode.c.h; path = stack.h; sourceTree = "<group>"; };
		1640D3811C6C949300A9ADA5 /* symhacks.h */ = {isa = PBXFileReference; fileEncoding = 4; lastKnownFileType = sourcecode.c.h; path = symhacks.h; sourceTree = "<group>"; };
		1640D3821C6C949300A9ADA5 /* tls1.h */ = {isa = PBXFileReference; fileEncoding = 4; lastKnownFileType = sourcecode.c.h; path = tls1.h; sourceTree = "<group>"; };
		1640D3831C6C949300A9ADA5 /* ts.h */ = {isa = PBXFileReference; fileEncoding = 4; lastKnownFileType = sourcecode.c.h; path = ts.h; sourceTree = "<group>"; };
		1640D3841C6C949300A9ADA5 /* txt_db.h */ = {isa = PBXFileReference; fileEncoding = 4; lastKnownFileType = sourcecode.c.h; path = txt_db.h; sourceTree = "<group>"; };
		1640D3851C6C949300A9ADA5 /* ui_compat.h */ = {isa = PBXFileReference; fileEncoding = 4; lastKnownFileType = sourcecode.c.h; path = ui_compat.h; sourceTree = "<group>"; };
		1640D3861C6C949300A9ADA5 /* ui.h */ = {isa = PBXFileReference; fileEncoding = 4; lastKnownFileType = sourcecode.c.h; path = ui.h; sourceTree = "<group>"; };
		1640D3871C6C949300A9ADA5 /* whrlpool.h */ = {isa = PBXFileReference; fileEncoding = 4; lastKnownFileType = sourcecode.c.h; path = whrlpool.h; sourceTree = "<group>"; };
		1640D3881C6C949300A9ADA5 /* x509_vfy.h */ = {isa = PBXFileReference; fileEncoding = 4; lastKnownFileType = sourcecode.c.h; path = x509_vfy.h; sourceTree = "<group>"; };
		1640D3891C6C949300A9ADA5 /* x509.h */ = {isa = PBXFileReference; fileEncoding = 4; lastKnownFileType = sourcecode.c.h; path = x509.h; sourceTree = "<group>"; };
		1640D38A1C6C949300A9ADA5 /* x509v3.h */ = {isa = PBXFileReference; fileEncoding = 4; lastKnownFileType = sourcecode.c.h; path = x509v3.h; sourceTree = "<group>"; };
		1640D38B1C6EA42D00A9ADA5 /* InAppPurchaseProduct.swift */ = {isa = PBXFileReference; fileEncoding = 4; lastKnownFileType = sourcecode.swift; path = InAppPurchaseProduct.swift; sourceTree = "<group>"; };
		1640D38D1C6EAD6800A9ADA5 /* AppContext.swift */ = {isa = PBXFileReference; fileEncoding = 4; lastKnownFileType = sourcecode.swift; path = AppContext.swift; sourceTree = "<group>"; };
		1640D3911C6ED2BE00A9ADA5 /* UIViewControllerExtensions.swift */ = {isa = PBXFileReference; fileEncoding = 4; lastKnownFileType = sourcecode.swift; path = UIViewControllerExtensions.swift; sourceTree = "<group>"; };
		1640D3A11C6FF03800A9ADA5 /* Realm.framework */ = {isa = PBXFileReference; lastKnownFileType = wrapper.framework; name = Realm.framework; path = Carthage/Build/iOS/Realm.framework; sourceTree = "<group>"; };
		1640D3A21C6FF03800A9ADA5 /* RealmSwift.framework */ = {isa = PBXFileReference; lastKnownFileType = wrapper.framework; name = RealmSwift.framework; path = Carthage/Build/iOS/RealmSwift.framework; sourceTree = "<group>"; };
		166436D41CA75626004116D0 /* MyCategoryViewController.swift */ = {isa = PBXFileReference; fileEncoding = 4; lastKnownFileType = sourcecode.swift; path = MyCategoryViewController.swift; sourceTree = "<group>"; };
		166436D61CA75846004116D0 /* MyCategoryContainerViewController.swift */ = {isa = PBXFileReference; fileEncoding = 4; lastKnownFileType = sourcecode.swift; path = MyCategoryContainerViewController.swift; sourceTree = "<group>"; };
		166436DA1CA75AE6004116D0 /* MyCategoryCombinationItemListTableViewController.swift */ = {isa = PBXFileReference; fileEncoding = 4; lastKnownFileType = sourcecode.swift; path = MyCategoryCombinationItemListTableViewController.swift; sourceTree = "<group>"; };
		166436DC1CA76280004116D0 /* MyCategoryCombinationItemListTableViewCell.swift */ = {isa = PBXFileReference; fileEncoding = 4; lastKnownFileType = sourcecode.swift; path = MyCategoryCombinationItemListTableViewCell.swift; sourceTree = "<group>"; };
		166436DE1CA7920F004116D0 /* MyCategoryCombinationItemViewController.swift */ = {isa = PBXFileReference; fileEncoding = 4; lastKnownFileType = sourcecode.swift; path = MyCategoryCombinationItemViewController.swift; sourceTree = "<group>"; };
		166C44C41CCAE5850008C193 /* GoogleService-Info.plist */ = {isa = PBXFileReference; fileEncoding = 4; lastKnownFileType = text.plist.xml; path = "GoogleService-Info.plist"; sourceTree = "<group>"; };
		166C44C81CCAFDB20008C193 /* AdBannerViewController.swift */ = {isa = PBXFileReference; fileEncoding = 4; lastKnownFileType = sourcecode.swift; path = AdBannerViewController.swift; sourceTree = "<group>"; };
		1678561A1C53A1BA00DC21E8 /* MixAndMatch.app */ = {isa = PBXFileReference; explicitFileType = wrapper.application; includeInIndex = 0; path = MixAndMatch.app; sourceTree = BUILT_PRODUCTS_DIR; };
		1678561D1C53A1BA00DC21E8 /* AppDelegate.swift */ = {isa = PBXFileReference; lastKnownFileType = sourcecode.swift; path = AppDelegate.swift; sourceTree = "<group>"; };
		167856221C53A1BA00DC21E8 /* Base */ = {isa = PBXFileReference; lastKnownFileType = file.storyboard; name = Base; path = Base.lproj/Main.storyboard; sourceTree = "<group>"; };
		167856241C53A1BA00DC21E8 /* Assets.xcassets */ = {isa = PBXFileReference; lastKnownFileType = folder.assetcatalog; path = Assets.xcassets; sourceTree = "<group>"; };
		167856271C53A1BA00DC21E8 /* Base */ = {isa = PBXFileReference; lastKnownFileType = file.storyboard; name = Base; path = Base.lproj/LaunchScreen.storyboard; sourceTree = "<group>"; };
		167856291C53A1BA00DC21E8 /* Info.plist */ = {isa = PBXFileReference; lastKnownFileType = text.plist.xml; path = Info.plist; sourceTree = "<group>"; };
		1678562E1C53A1BA00DC21E8 /* MixAndMatchTests.xctest */ = {isa = PBXFileReference; explicitFileType = wrapper.cfbundle; includeInIndex = 0; path = MixAndMatchTests.xctest; sourceTree = BUILT_PRODUCTS_DIR; };
		167856321C53A1BA00DC21E8 /* MixAndMatchTests.swift */ = {isa = PBXFileReference; lastKnownFileType = sourcecode.swift; path = MixAndMatchTests.swift; sourceTree = "<group>"; };
		167856341C53A1BA00DC21E8 /* Info.plist */ = {isa = PBXFileReference; lastKnownFileType = text.plist.xml; path = Info.plist; sourceTree = "<group>"; };
		167856391C53A1BA00DC21E8 /* MixAndMatchUITests.xctest */ = {isa = PBXFileReference; explicitFileType = wrapper.cfbundle; includeInIndex = 0; path = MixAndMatchUITests.xctest; sourceTree = BUILT_PRODUCTS_DIR; };
		1678563D1C53A1BA00DC21E8 /* MixAndMatchUITests.swift */ = {isa = PBXFileReference; lastKnownFileType = sourcecode.swift; path = MixAndMatchUITests.swift; sourceTree = "<group>"; };
		1678563F1C53A1BA00DC21E8 /* Info.plist */ = {isa = PBXFileReference; lastKnownFileType = text.plist.xml; path = Info.plist; sourceTree = "<group>"; };
		167856611C543B8700DC21E8 /* FolderListBaseTableViewController.swift */ = {isa = PBXFileReference; fileEncoding = 4; lastKnownFileType = sourcecode.swift; path = FolderListBaseTableViewController.swift; sourceTree = "<group>"; };
		167856641C543D1E00DC21E8 /* Folder.swift */ = {isa = PBXFileReference; fileEncoding = 4; lastKnownFileType = sourcecode.swift; path = Folder.swift; sourceTree = "<group>"; };
		167856661C54450900DC21E8 /* Combination.swift */ = {isa = PBXFileReference; fileEncoding = 4; lastKnownFileType = sourcecode.swift; path = Combination.swift; sourceTree = "<group>"; };
		167856681C54522400DC21E8 /* FolderListTableViewController.swift */ = {isa = PBXFileReference; fileEncoding = 4; lastKnownFileType = sourcecode.swift; path = FolderListTableViewController.swift; sourceTree = "<group>"; };
		168829F21C5C602C006D383C /* AssetsLibrary.framework */ = {isa = PBXFileReference; lastKnownFileType = wrapper.framework; name = AssetsLibrary.framework; path = System/Library/Frameworks/AssetsLibrary.framework; sourceTree = SDKROOT; };
		168829F31C5C602C006D383C /* Photos.framework */ = {isa = PBXFileReference; lastKnownFileType = wrapper.framework; name = Photos.framework; path = System/Library/Frameworks/Photos.framework; sourceTree = SDKROOT; };
		1689723A1C9563C000BBA648 /* MyCategoryListTableViewController.swift */ = {isa = PBXFileReference; fileEncoding = 4; lastKnownFileType = sourcecode.swift; path = MyCategoryListTableViewController.swift; sourceTree = "<group>"; };
		1689723C1C956F4800BBA648 /* ImageUtility.swift */ = {isa = PBXFileReference; fileEncoding = 4; lastKnownFileType = sourcecode.swift; path = ImageUtility.swift; sourceTree = "<group>"; };
		1689723E1C95705700BBA648 /* MyCategoryListTableViewCell.swift */ = {isa = PBXFileReference; fileEncoding = 4; lastKnownFileType = sourcecode.swift; path = MyCategoryListTableViewCell.swift; sourceTree = "<group>"; };
		168972401C957B5800BBA648 /* CombinationItemsOfMyCategoryCollectionViewController.swift */ = {isa = PBXFileReference; fileEncoding = 4; lastKnownFileType = sourcecode.swift; path = CombinationItemsOfMyCategoryCollectionViewController.swift; sourceTree = "<group>"; };
		168972421C9580FF00BBA648 /* CombinationItemsOfMyCategoryCollectionViewCell.swift */ = {isa = PBXFileReference; fileEncoding = 4; lastKnownFileType = sourcecode.swift; path = CombinationItemsOfMyCategoryCollectionViewCell.swift; sourceTree = "<group>"; };
		1689FA8A1C79A6E8007E47FF /* FolderPickerTableViewController.swift */ = {isa = PBXFileReference; fileEncoding = 4; lastKnownFileType = sourcecode.swift; path = FolderPickerTableViewController.swift; sourceTree = "<group>"; };
		168D915F1C5488A70069D44D /* CombinationListBaseTableViewController.swift */ = {isa = PBXFileReference; fileEncoding = 4; lastKnownFileType = sourcecode.swift; path = CombinationListBaseTableViewController.swift; sourceTree = "<group>"; };
		168D91611C549E130069D44D /* CombinationListTableViewController.swift */ = {isa = PBXFileReference; fileEncoding = 4; lastKnownFileType = sourcecode.swift; path = CombinationListTableViewController.swift; sourceTree = "<group>"; };
		168D91641C54A4870069D44D /* CombinationListTableViewCell.swift */ = {isa = PBXFileReference; fileEncoding = 4; lastKnownFileType = sourcecode.swift; path = CombinationListTableViewCell.swift; sourceTree = "<group>"; };
		168D91651C54A4870069D44D /* CombinationListTableViewCell.xib */ = {isa = PBXFileReference; fileEncoding = 4; lastKnownFileType = file.xib; path = CombinationListTableViewCell.xib; sourceTree = "<group>"; };
		168D91681C54AC8C0069D44D /* CombinationListFilteredTableViewController.swift */ = {isa = PBXFileReference; fileEncoding = 4; lastKnownFileType = sourcecode.swift; path = CombinationListFilteredTableViewController.swift; sourceTree = "<group>"; };
		168D916B1C54B9960069D44D /* DateUtility.swift */ = {isa = PBXFileReference; fileEncoding = 4; lastKnownFileType = sourcecode.swift; path = DateUtility.swift; sourceTree = "<group>"; };
		168D916F1C54BFF60069D44D /* Category.swift */ = {isa = PBXFileReference; fileEncoding = 4; lastKnownFileType = sourcecode.swift; path = Category.swift; sourceTree = "<group>"; };
		168D91711C54C17A0069D44D /* CombinationItem.swift */ = {isa = PBXFileReference; fileEncoding = 4; lastKnownFileType = sourcecode.swift; path = CombinationItem.swift; sourceTree = "<group>"; };
		168D91731C54C7220069D44D /* CombinationEditTableViewController.swift */ = {isa = PBXFileReference; fileEncoding = 4; lastKnownFileType = sourcecode.swift; path = CombinationEditTableViewController.swift; sourceTree = "<group>"; };
		168D91751C54DE1B0069D44D /* CombinationEditTableViewCell.swift */ = {isa = PBXFileReference; fileEncoding = 4; lastKnownFileType = sourcecode.swift; path = CombinationEditTableViewCell.swift; sourceTree = "<group>"; };
		168D91771C54E0300069D44D /* CombinationItemCombinationEditTableViewCell.swift */ = {isa = PBXFileReference; fileEncoding = 4; lastKnownFileType = sourcecode.swift; path = CombinationItemCombinationEditTableViewCell.swift; sourceTree = "<group>"; };
		168D91791C54E6760069D44D /* CombinationItemCollectionViewCell.swift */ = {isa = PBXFileReference; fileEncoding = 4; lastKnownFileType = sourcecode.swift; path = CombinationItemCollectionViewCell.swift; sourceTree = "<group>"; };
		168D917B1C54F36F0069D44D /* CategoryPickerTableViewController.swift */ = {isa = PBXFileReference; fileEncoding = 4; lastKnownFileType = sourcecode.swift; path = CategoryPickerTableViewController.swift; sourceTree = "<group>"; };
		168D917D1C550A190069D44D /* CombinationItemViewController.swift */ = {isa = PBXFileReference; fileEncoding = 4; lastKnownFileType = sourcecode.swift; path = CombinationItemViewController.swift; sourceTree = "<group>"; };
		169B02381C6758F800194927 /* ReceiptValidator.swift */ = {isa = PBXFileReference; fileEncoding = 4; lastKnownFileType = sourcecode.swift; path = ReceiptValidator.swift; sourceTree = "<group>"; };
		169B023A1C6761C900194927 /* AppleIncRootCertificate.cer */ = {isa = PBXFileReference; lastKnownFileType = file; path = AppleIncRootCertificate.cer; sourceTree = SOURCE_ROOT; };
		169B02411C676A9B00194927 /* MixAndMatch-Bridging-Header.h */ = {isa = PBXFileReference; lastKnownFileType = sourcecode.c.h; path = "MixAndMatch-Bridging-Header.h"; sourceTree = "<group>"; };
		169B02421C676A9B00194927 /* MixAndMatch-Bridging-Header.m */ = {isa = PBXFileReference; fileEncoding = 4; lastKnownFileType = sourcecode.c.objc; path = "MixAndMatch-Bridging-Header.m"; sourceTree = "<group>"; };
		169B02451C67867100194927 /* libcrypto.a */ = {isa = PBXFileReference; lastKnownFileType = archive.ar; path = libcrypto.a; sourceTree = "<group>"; };
		169B02461C67867100194927 /* libssl.a */ = {isa = PBXFileReference; lastKnownFileType = archive.ar; path = libssl.a; sourceTree = "<group>"; };
		16A665451C81943F00413A3F /* PhotosUtility.swift */ = {isa = PBXFileReference; fileEncoding = 4; lastKnownFileType = sourcecode.swift; path = PhotosUtility.swift; sourceTree = "<group>"; };
		16A665471C82D7B600413A3F /* RearrangeTableViewController.swift */ = {isa = PBXFileReference; fileEncoding = 4; lastKnownFileType = sourcecode.swift; path = RearrangeTableViewController.swift; sourceTree = "<group>"; };
		16A9012F1C5D8D2C0031B25C /* CombinationListCollectionViewCell.swift */ = {isa = PBXFileReference; fileEncoding = 4; lastKnownFileType = sourcecode.swift; path = CombinationListCollectionViewCell.swift; sourceTree = "<group>"; };
		16A901301C5D8D2C0031B25C /* CombinationListCollectionViewCell.xib */ = {isa = PBXFileReference; fileEncoding = 4; lastKnownFileType = file.xib; path = CombinationListCollectionViewCell.xib; sourceTree = "<group>"; };
		16A901351C66C3580031B25C /* InAppPurchaseProductsListTableViewController.swift */ = {isa = PBXFileReference; fileEncoding = 4; lastKnownFileType = sourcecode.swift; path = InAppPurchaseProductsListTableViewController.swift; sourceTree = "<group>"; };
		16A901381C66C5E30031B25C /* AppStoreManager.swift */ = {isa = PBXFileReference; fileEncoding = 4; lastKnownFileType = sourcecode.swift; path = AppStoreManager.swift; sourceTree = "<group>"; };
		16A9013A1C66DC010031B25C /* AppStoreObserver.swift */ = {isa = PBXFileReference; fileEncoding = 4; lastKnownFileType = sourcecode.swift; path = AppStoreObserver.swift; sourceTree = "<group>"; };
		16A9013C1C66FE960031B25C /* ProductIds.plist */ = {isa = PBXFileReference; fileEncoding = 4; lastKnownFileType = text.plist.xml; path = ProductIds.plist; sourceTree = "<group>"; };
		16B0A28C1CA672E200079F59 /* CategoryPickerTableViewCell.swift */ = {isa = PBXFileReference; fileEncoding = 4; lastKnownFileType = sourcecode.swift; path = CategoryPickerTableViewCell.swift; sourceTree = "<group>"; };
		3D0BE6888869A932572346A7 /* libPods.a */ = {isa = PBXFileReference; explicitFileType = archive.ar; includeInIndex = 0; path = libPods.a; sourceTree = BUILT_PRODUCTS_DIR; };
		F193DB8344BD7DEAE0F2F476 /* Pods.release.xcconfig */ = {isa = PBXFileReference; includeInIndex = 1; lastKnownFileType = text.xcconfig; name = Pods.release.xcconfig; path = "Pods/Target Support Files/Pods/Pods.release.xcconfig"; sourceTree = "<group>"; };
		F49D90E225139D9CE61D3802 /* Pods.debug.xcconfig */ = {isa = PBXFileReference; includeInIndex = 1; lastKnownFileType = text.xcconfig; name = Pods.debug.xcconfig; path = "Pods/Target Support Files/Pods/Pods.debug.xcconfig"; sourceTree = "<group>"; };
/* End PBXFileReference section */

/* Begin PBXFrameworksBuildPhase section */
		167856171C53A1BA00DC21E8 /* Frameworks */ = {
			isa = PBXFrameworksBuildPhase;
			buildActionMask = 2147483647;
			files = (
				168829F41C5C602C006D383C /* AssetsLibrary.framework in Frameworks */,
				169B02481C67867100194927 /* libssl.a in Frameworks */,
				169B02471C67867100194927 /* libcrypto.a in Frameworks */,
				168829F51C5C602C006D383C /* Photos.framework in Frameworks */,
				1640D3A31C6FF03800A9ADA5 /* Realm.framework in Frameworks */,
				1640D3A51C6FF03800A9ADA5 /* RealmSwift.framework in Frameworks */,
				51F50D8C86DFC717FDE2830A /* libPods.a in Frameworks */,
			);
			runOnlyForDeploymentPostprocessing = 0;
		};
		1678562B1C53A1BA00DC21E8 /* Frameworks */ = {
			isa = PBXFrameworksBuildPhase;
			buildActionMask = 2147483647;
			files = (
			);
			runOnlyForDeploymentPostprocessing = 0;
		};
		167856361C53A1BA00DC21E8 /* Frameworks */ = {
			isa = PBXFrameworksBuildPhase;
			buildActionMask = 2147483647;
			files = (
			);
			runOnlyForDeploymentPostprocessing = 0;
		};
/* End PBXFrameworksBuildPhase section */

/* Begin PBXGroup section */
		1640D33E1C6C944800A9ADA5 /* include */ = {
			isa = PBXGroup;
			children = (
				1640D33F1C6C947500A9ADA5 /* openssl */,
			);
			path = include;
			sourceTree = "<group>";
		};
		1640D33F1C6C947500A9ADA5 /* openssl */ = {
			isa = PBXGroup;
			children = (
				1640D3401C6C949300A9ADA5 /* aes.h */,
				1640D3411C6C949300A9ADA5 /* asn1_mac.h */,
				1640D3421C6C949300A9ADA5 /* asn1.h */,
				1640D3431C6C949300A9ADA5 /* asn1t.h */,
				1640D3441C6C949300A9ADA5 /* bio.h */,
				1640D3451C6C949300A9ADA5 /* blowfish.h */,
				1640D3461C6C949300A9ADA5 /* bn.h */,
				1640D3471C6C949300A9ADA5 /* buffer.h */,
				1640D3481C6C949300A9ADA5 /* camellia.h */,
				1640D3491C6C949300A9ADA5 /* cast.h */,
				1640D34A1C6C949300A9ADA5 /* cmac.h */,
				1640D34B1C6C949300A9ADA5 /* cms.h */,
				1640D34C1C6C949300A9ADA5 /* comp.h */,
				1640D34D1C6C949300A9ADA5 /* conf_api.h */,
				1640D34E1C6C949300A9ADA5 /* conf.h */,
				1640D34F1C6C949300A9ADA5 /* crypto.h */,
				1640D3501C6C949300A9ADA5 /* des_old.h */,
				1640D3511C6C949300A9ADA5 /* des.h */,
				1640D3521C6C949300A9ADA5 /* dh.h */,
				1640D3531C6C949300A9ADA5 /* dsa.h */,
				1640D3541C6C949300A9ADA5 /* dso.h */,
				1640D3551C6C949300A9ADA5 /* dtls1.h */,
				1640D3561C6C949300A9ADA5 /* e_os2.h */,
				1640D3571C6C949300A9ADA5 /* ebcdic.h */,
				1640D3581C6C949300A9ADA5 /* ec.h */,
				1640D3591C6C949300A9ADA5 /* ecdh.h */,
				1640D35A1C6C949300A9ADA5 /* ecdsa.h */,
				1640D35B1C6C949300A9ADA5 /* engine.h */,
				1640D35C1C6C949300A9ADA5 /* err.h */,
				1640D35D1C6C949300A9ADA5 /* evp.h */,
				1640D35E1C6C949300A9ADA5 /* hmac.h */,
				1640D35F1C6C949300A9ADA5 /* idea.h */,
				1640D3601C6C949300A9ADA5 /* krb5_asn.h */,
				1640D3611C6C949300A9ADA5 /* kssl.h */,
				1640D3621C6C949300A9ADA5 /* lhash.h */,
				1640D3631C6C949300A9ADA5 /* md4.h */,
				1640D3641C6C949300A9ADA5 /* md5.h */,
				1640D3651C6C949300A9ADA5 /* mdc2.h */,
				1640D3661C6C949300A9ADA5 /* modes.h */,
				1640D3671C6C949300A9ADA5 /* obj_mac.h */,
				1640D3681C6C949300A9ADA5 /* objects.h */,
				1640D3691C6C949300A9ADA5 /* ocsp.h */,
				1640D36A1C6C949300A9ADA5 /* opensslconf.h */,
				1640D36B1C6C949300A9ADA5 /* opensslv.h */,
				1640D36C1C6C949300A9ADA5 /* ossl_typ.h */,
				1640D36D1C6C949300A9ADA5 /* pem.h */,
				1640D36E1C6C949300A9ADA5 /* pem2.h */,
				1640D36F1C6C949300A9ADA5 /* pkcs7.h */,
				1640D3701C6C949300A9ADA5 /* pkcs12.h */,
				1640D3711C6C949300A9ADA5 /* pqueue.h */,
				1640D3721C6C949300A9ADA5 /* rand.h */,
				1640D3731C6C949300A9ADA5 /* rc2.h */,
				1640D3741C6C949300A9ADA5 /* rc4.h */,
				1640D3751C6C949300A9ADA5 /* ripemd.h */,
				1640D3761C6C949300A9ADA5 /* rsa.h */,
				1640D3771C6C949300A9ADA5 /* safestack.h */,
				1640D3781C6C949300A9ADA5 /* seed.h */,
				1640D3791C6C949300A9ADA5 /* sha.h */,
				1640D37A1C6C949300A9ADA5 /* srp.h */,
				1640D37B1C6C949300A9ADA5 /* srtp.h */,
				1640D37C1C6C949300A9ADA5 /* ssl.h */,
				1640D37D1C6C949300A9ADA5 /* ssl2.h */,
				1640D37E1C6C949300A9ADA5 /* ssl3.h */,
				1640D37F1C6C949300A9ADA5 /* ssl23.h */,
				1640D3801C6C949300A9ADA5 /* stack.h */,
				1640D3811C6C949300A9ADA5 /* symhacks.h */,
				1640D3821C6C949300A9ADA5 /* tls1.h */,
				1640D3831C6C949300A9ADA5 /* ts.h */,
				1640D3841C6C949300A9ADA5 /* txt_db.h */,
				1640D3851C6C949300A9ADA5 /* ui_compat.h */,
				1640D3861C6C949300A9ADA5 /* ui.h */,
				1640D3871C6C949300A9ADA5 /* whrlpool.h */,
				1640D3881C6C949300A9ADA5 /* x509_vfy.h */,
				1640D3891C6C949300A9ADA5 /* x509.h */,
				1640D38A1C6C949300A9ADA5 /* x509v3.h */,
			);
			path = openssl;
			sourceTree = "<group>";
		};
		167856111C53A1BA00DC21E8 = {
			isa = PBXGroup;
			children = (
				166C44C41CCAE5850008C193 /* GoogleService-Info.plist */,
				1640D3A11C6FF03800A9ADA5 /* Realm.framework */,
				1640D3A21C6FF03800A9ADA5 /* RealmSwift.framework */,
				168829F21C5C602C006D383C /* AssetsLibrary.framework */,
				168829F31C5C602C006D383C /* Photos.framework */,
				1678561C1C53A1BA00DC21E8 /* MixAndMatch */,
				167856311C53A1BA00DC21E8 /* MixAndMatchTests */,
				1678563C1C53A1BA00DC21E8 /* MixAndMatchUITests */,
				1678561B1C53A1BA00DC21E8 /* Products */,
				3BC366C1261C0CA97C139630 /* Pods */,
				BA81FE5C47DA98CCB2DE3D92 /* Frameworks */,
			);
			sourceTree = "<group>";
		};
		1678561B1C53A1BA00DC21E8 /* Products */ = {
			isa = PBXGroup;
			children = (
				1678561A1C53A1BA00DC21E8 /* MixAndMatch.app */,
				1678562E1C53A1BA00DC21E8 /* MixAndMatchTests.xctest */,
				167856391C53A1BA00DC21E8 /* MixAndMatchUITests.xctest */,
			);
			name = Products;
			sourceTree = "<group>";
		};
		1678561C1C53A1BA00DC21E8 /* MixAndMatch */ = {
			isa = PBXGroup;
			children = (
				1640D33E1C6C944800A9ADA5 /* include */,
				169B02441C67865900194927 /* lib */,
				169B023A1C6761C900194927 /* AppleIncRootCertificate.cer */,
				167856291C53A1BA00DC21E8 /* Info.plist */,
				16A9013C1C66FE960031B25C /* ProductIds.plist */,
				1678561D1C53A1BA00DC21E8 /* AppDelegate.swift */,
				167856241C53A1BA00DC21E8 /* Assets.xcassets */,
				167856261C53A1BA00DC21E8 /* LaunchScreen.storyboard */,
				167856211C53A1BA00DC21E8 /* Main.storyboard */,
				16A901371C66C4E50031B25C /* InAppPurchase */,
				167856631C543BEA00DC21E8 /* Models */,
				168D916A1C54B9410069D44D /* Utilities */,
				167856601C5438B900DC21E8 /* ViewControllers */,
				168D91631C54A05B0069D44D /* Views */,
				169B02421C676A9B00194927 /* MixAndMatch-Bridging-Header.m */,
				169B02411C676A9B00194927 /* MixAndMatch-Bridging-Header.h */,
				1640D38D1C6EAD6800A9ADA5 /* AppContext.swift */,
			);
			path = MixAndMatch;
			sourceTree = "<group>";
		};
		167856311C53A1BA00DC21E8 /* MixAndMatchTests */ = {
			isa = PBXGroup;
			children = (
				167856321C53A1BA00DC21E8 /* MixAndMatchTests.swift */,
				167856341C53A1BA00DC21E8 /* Info.plist */,
			);
			path = MixAndMatchTests;
			sourceTree = "<group>";
		};
		1678563C1C53A1BA00DC21E8 /* MixAndMatchUITests */ = {
			isa = PBXGroup;
			children = (
				1678563D1C53A1BA00DC21E8 /* MixAndMatchUITests.swift */,
				1678563F1C53A1BA00DC21E8 /* Info.plist */,
			);
			path = MixAndMatchUITests;
			sourceTree = "<group>";
		};
		167856601C5438B900DC21E8 /* ViewControllers */ = {
			isa = PBXGroup;
			children = (
				167856611C543B8700DC21E8 /* FolderListBaseTableViewController.swift */,
				167856681C54522400DC21E8 /* FolderListTableViewController.swift */,
				1689FA8A1C79A6E8007E47FF /* FolderPickerTableViewController.swift */,
				168D917B1C54F36F0069D44D /* CategoryPickerTableViewController.swift */,
				168D915F1C5488A70069D44D /* CombinationListBaseTableViewController.swift */,
				168D91611C549E130069D44D /* CombinationListTableViewController.swift */,
				168D91681C54AC8C0069D44D /* CombinationListFilteredTableViewController.swift */,
				168D91731C54C7220069D44D /* CombinationEditTableViewController.swift */,
				168D917D1C550A190069D44D /* CombinationItemViewController.swift */,
				16A901351C66C3580031B25C /* InAppPurchaseProductsListTableViewController.swift */,
				16A665471C82D7B600413A3F /* RearrangeTableViewController.swift */,
				1689723A1C9563C000BBA648 /* MyCategoryListTableViewController.swift */,
				168972401C957B5800BBA648 /* CombinationItemsOfMyCategoryCollectionViewController.swift */,
				166436D41CA75626004116D0 /* MyCategoryViewController.swift */,
				166436D61CA75846004116D0 /* MyCategoryContainerViewController.swift */,
				166436DA1CA75AE6004116D0 /* MyCategoryCombinationItemListTableViewController.swift */,
				166436DE1CA7920F004116D0 /* MyCategoryCombinationItemViewController.swift */,
				166C44C81CCAFDB20008C193 /* AdBannerViewController.swift */,
			);
			path = ViewControllers;
			sourceTree = "<group>";
		};
		167856631C543BEA00DC21E8 /* Models */ = {
			isa = PBXGroup;
			children = (
				167856641C543D1E00DC21E8 /* Folder.swift */,
				167856661C54450900DC21E8 /* Combination.swift */,
				168D916F1C54BFF60069D44D /* Category.swift */,
				168D91711C54C17A0069D44D /* CombinationItem.swift */,
			);
			path = Models;
			sourceTree = "<group>";
		};
		168D91631C54A05B0069D44D /* Views */ = {
			isa = PBXGroup;
			children = (
				168D91641C54A4870069D44D /* CombinationListTableViewCell.swift */,
				168D91651C54A4870069D44D /* CombinationListTableViewCell.xib */,
				168D91751C54DE1B0069D44D /* CombinationEditTableViewCell.swift */,
				168D91771C54E0300069D44D /* CombinationItemCombinationEditTableViewCell.swift */,
				168D91791C54E6760069D44D /* CombinationItemCollectionViewCell.swift */,
				16A9012F1C5D8D2C0031B25C /* CombinationListCollectionViewCell.swift */,
				16A901301C5D8D2C0031B25C /* CombinationListCollectionViewCell.xib */,
				1689723E1C95705700BBA648 /* MyCategoryListTableViewCell.swift */,
				168972421C9580FF00BBA648 /* CombinationItemsOfMyCategoryCollectionViewCell.swift */,
				16B0A28C1CA672E200079F59 /* CategoryPickerTableViewCell.swift */,
				166436DC1CA76280004116D0 /* MyCategoryCombinationItemListTableViewCell.swift */,
			);
			path = Views;
			sourceTree = "<group>";
		};
		168D916A1C54B9410069D44D /* Utilities */ = {
			isa = PBXGroup;
			children = (
				168D916B1C54B9960069D44D /* DateUtility.swift */,
				16A665451C81943F00413A3F /* PhotosUtility.swift */,
				1640D3911C6ED2BE00A9ADA5 /* UIViewControllerExtensions.swift */,
				1689723C1C956F4800BBA648 /* ImageUtility.swift */,
			);
			path = Utilities;
			sourceTree = "<group>";
		};
		169B02441C67865900194927 /* lib */ = {
			isa = PBXGroup;
			children = (
				169B02451C67867100194927 /* libcrypto.a */,
				169B02461C67867100194927 /* libssl.a */,
			);
			path = lib;
			sourceTree = "<group>";
		};
		16A901371C66C4E50031B25C /* InAppPurchase */ = {
			isa = PBXGroup;
			children = (
				16A901381C66C5E30031B25C /* AppStoreManager.swift */,
				16A9013A1C66DC010031B25C /* AppStoreObserver.swift */,
				1640D38B1C6EA42D00A9ADA5 /* InAppPurchaseProduct.swift */,
				169B02381C6758F800194927 /* ReceiptValidator.swift */,
			);
			path = InAppPurchase;
			sourceTree = "<group>";
		};
		3BC366C1261C0CA97C139630 /* Pods */ = {
			isa = PBXGroup;
			children = (
				F49D90E225139D9CE61D3802 /* Pods.debug.xcconfig */,
				F193DB8344BD7DEAE0F2F476 /* Pods.release.xcconfig */,
			);
			name = Pods;
			sourceTree = "<group>";
		};
		BA81FE5C47DA98CCB2DE3D92 /* Frameworks */ = {
			isa = PBXGroup;
			children = (
				3D0BE6888869A932572346A7 /* libPods.a */,
			);
			name = Frameworks;
			sourceTree = "<group>";
		};
/* End PBXGroup section */

/* Begin PBXNativeTarget section */
		167856191C53A1BA00DC21E8 /* MixAndMatch */ = {
			isa = PBXNativeTarget;
			buildConfigurationList = 167856421C53A1BA00DC21E8 /* Build configuration list for PBXNativeTarget "MixAndMatch" */;
			buildPhases = (
				802329C0FCC7BBB45F990643 /* Check Pods Manifest.lock */,
				167856161C53A1BA00DC21E8 /* Sources */,
				167856171C53A1BA00DC21E8 /* Frameworks */,
				167856181C53A1BA00DC21E8 /* Resources */,
				1640D3A71C6FF03800A9ADA5 /* Embed Frameworks */,
				167856521C53AB8600DC21E8 /* ShellScript */,
				F7AAFB9990EEDC380E96B69C /* Embed Pods Frameworks */,
				44D6A515D3276DA5416EB026 /* Copy Pods Resources */,
			);
			buildRules = (
			);
			dependencies = (
			);
			name = MixAndMatch;
			productName = MixAndMatch;
			productReference = 1678561A1C53A1BA00DC21E8 /* MixAndMatch.app */;
			productType = "com.apple.product-type.application";
		};
		1678562D1C53A1BA00DC21E8 /* MixAndMatchTests */ = {
			isa = PBXNativeTarget;
			buildConfigurationList = 167856451C53A1BA00DC21E8 /* Build configuration list for PBXNativeTarget "MixAndMatchTests" */;
			buildPhases = (
				1678562A1C53A1BA00DC21E8 /* Sources */,
				1678562B1C53A1BA00DC21E8 /* Frameworks */,
				1678562C1C53A1BA00DC21E8 /* Resources */,
			);
			buildRules = (
			);
			dependencies = (
				167856301C53A1BA00DC21E8 /* PBXTargetDependency */,
			);
			name = MixAndMatchTests;
			productName = MixAndMatchTests;
			productReference = 1678562E1C53A1BA00DC21E8 /* MixAndMatchTests.xctest */;
			productType = "com.apple.product-type.bundle.unit-test";
		};
		167856381C53A1BA00DC21E8 /* MixAndMatchUITests */ = {
			isa = PBXNativeTarget;
			buildConfigurationList = 167856481C53A1BA00DC21E8 /* Build configuration list for PBXNativeTarget "MixAndMatchUITests" */;
			buildPhases = (
				167856351C53A1BA00DC21E8 /* Sources */,
				167856361C53A1BA00DC21E8 /* Frameworks */,
				167856371C53A1BA00DC21E8 /* Resources */,
			);
			buildRules = (
			);
			dependencies = (
				1678563B1C53A1BA00DC21E8 /* PBXTargetDependency */,
			);
			name = MixAndMatchUITests;
			productName = MixAndMatchUITests;
			productReference = 167856391C53A1BA00DC21E8 /* MixAndMatchUITests.xctest */;
			productType = "com.apple.product-type.bundle.ui-testing";
		};
/* End PBXNativeTarget section */

/* Begin PBXProject section */
		167856121C53A1BA00DC21E8 /* Project object */ = {
			isa = PBXProject;
			attributes = {
				LastSwiftUpdateCheck = 0720;
				LastUpgradeCheck = 0720;
				ORGANIZATIONNAME = "Takashi Ikeda";
				TargetAttributes = {
					167856191C53A1BA00DC21E8 = {
						CreatedOnToolsVersion = 7.2;
						DevelopmentTeam = 2ZM248T9PV;
					};
					1678562D1C53A1BA00DC21E8 = {
						CreatedOnToolsVersion = 7.2;
						TestTargetID = 167856191C53A1BA00DC21E8;
					};
					167856381C53A1BA00DC21E8 = {
						CreatedOnToolsVersion = 7.2;
						TestTargetID = 167856191C53A1BA00DC21E8;
					};
				};
			};
			buildConfigurationList = 167856151C53A1BA00DC21E8 /* Build configuration list for PBXProject "MixAndMatch" */;
			compatibilityVersion = "Xcode 3.2";
			developmentRegion = English;
			hasScannedForEncodings = 0;
			knownRegions = (
				en,
				Base,
			);
			mainGroup = 167856111C53A1BA00DC21E8;
			productRefGroup = 1678561B1C53A1BA00DC21E8 /* Products */;
			projectDirPath = "";
			projectRoot = "";
			targets = (
				167856191C53A1BA00DC21E8 /* MixAndMatch */,
				1678562D1C53A1BA00DC21E8 /* MixAndMatchTests */,
				167856381C53A1BA00DC21E8 /* MixAndMatchUITests */,
			);
		};
/* End PBXProject section */

/* Begin PBXResourcesBuildPhase section */
		167856181C53A1BA00DC21E8 /* Resources */ = {
			isa = PBXResourcesBuildPhase;
			buildActionMask = 2147483647;
			files = (
				167856281C53A1BA00DC21E8 /* LaunchScreen.storyboard in Resources */,
				166C44C51CCAE5850008C193 /* GoogleService-Info.plist in Resources */,
				167856251C53A1BA00DC21E8 /* Assets.xcassets in Resources */,
				169B023B1C6761C900194927 /* AppleIncRootCertificate.cer in Resources */,
				16A901321C5D8D2C0031B25C /* CombinationListCollectionViewCell.xib in Resources */,
				168D91671C54A4870069D44D /* CombinationListTableViewCell.xib in Resources */,
				167856231C53A1BA00DC21E8 /* Main.storyboard in Resources */,
				16A9013D1C66FE960031B25C /* ProductIds.plist in Resources */,
			);
			runOnlyForDeploymentPostprocessing = 0;
		};
		1678562C1C53A1BA00DC21E8 /* Resources */ = {
			isa = PBXResourcesBuildPhase;
			buildActionMask = 2147483647;
			files = (
				166C44C61CCAE5850008C193 /* GoogleService-Info.plist in Resources */,
			);
			runOnlyForDeploymentPostprocessing = 0;
		};
		167856371C53A1BA00DC21E8 /* Resources */ = {
			isa = PBXResourcesBuildPhase;
			buildActionMask = 2147483647;
			files = (
				166C44C71CCAE5850008C193 /* GoogleService-Info.plist in Resources */,
			);
			runOnlyForDeploymentPostprocessing = 0;
		};
/* End PBXResourcesBuildPhase section */

/* Begin PBXShellScriptBuildPhase section */
		167856521C53AB8600DC21E8 /* ShellScript */ = {
			isa = PBXShellScriptBuildPhase;
			buildActionMask = 2147483647;
			files = (
			);
			inputPaths = (
				"$(SRCROOT)/Carthage/Build/iOS/Realm.framework",
				"$(SRCROOT)/Carthage/Build/iOS/RealmSwift.framework",
			);
			outputPaths = (
			);
			runOnlyForDeploymentPostprocessing = 0;
			shellPath = /bin/sh;
			shellScript = "/usr/local/bin/carthage copy-frameworks";
		};
		44D6A515D3276DA5416EB026 /* Copy Pods Resources */ = {
			isa = PBXShellScriptBuildPhase;
			buildActionMask = 2147483647;
			files = (
			);
			inputPaths = (
			);
			name = "Copy Pods Resources";
			outputPaths = (
			);
			runOnlyForDeploymentPostprocessing = 0;
			shellPath = /bin/sh;
			shellScript = "\"${SRCROOT}/Pods/Target Support Files/Pods/Pods-resources.sh\"\n";
			showEnvVarsInLog = 0;
		};
		802329C0FCC7BBB45F990643 /* Check Pods Manifest.lock */ = {
			isa = PBXShellScriptBuildPhase;
			buildActionMask = 2147483647;
			files = (
			);
			inputPaths = (
			);
			name = "Check Pods Manifest.lock";
			outputPaths = (
			);
			runOnlyForDeploymentPostprocessing = 0;
			shellPath = /bin/sh;
			shellScript = "diff \"${PODS_ROOT}/../Podfile.lock\" \"${PODS_ROOT}/Manifest.lock\" > /dev/null\nif [[ $? != 0 ]] ; then\n    cat << EOM\nerror: The sandbox is not in sync with the Podfile.lock. Run 'pod install' or update your CocoaPods installation.\nEOM\n    exit 1\nfi\n";
			showEnvVarsInLog = 0;
		};
		F7AAFB9990EEDC380E96B69C /* Embed Pods Frameworks */ = {
			isa = PBXShellScriptBuildPhase;
			buildActionMask = 2147483647;
			files = (
			);
			inputPaths = (
			);
			name = "Embed Pods Frameworks";
			outputPaths = (
			);
			runOnlyForDeploymentPostprocessing = 0;
			shellPath = /bin/sh;
			shellScript = "\"${SRCROOT}/Pods/Target Support Files/Pods/Pods-frameworks.sh\"\n";
			showEnvVarsInLog = 0;
		};
/* End PBXShellScriptBuildPhase section */

/* Begin PBXSourcesBuildPhase section */
		167856161C53A1BA00DC21E8 /* Sources */ = {
			isa = PBXSourcesBuildPhase;
			buildActionMask = 2147483647;
			files = (
				168D916C1C54B9960069D44D /* DateUtility.swift in Sources */,
				166436D51CA75626004116D0 /* MyCategoryViewController.swift in Sources */,
				16A9013B1C66DC010031B25C /* AppStoreObserver.swift in Sources */,
				16A901311C5D8D2C0031B25C /* CombinationListCollectionViewCell.swift in Sources */,
				166436D71CA75846004116D0 /* MyCategoryContainerViewController.swift in Sources */,
				1689723F1C95705700BBA648 /* MyCategoryListTableViewCell.swift in Sources */,
				168D91761C54DE1B0069D44D /* CombinationEditTableViewCell.swift in Sources */,
				1689723D1C956F4800BBA648 /* ImageUtility.swift in Sources */,
				167856621C543B8700DC21E8 /* FolderListBaseTableViewController.swift in Sources */,
				1640D38C1C6EA42D00A9ADA5 /* InAppPurchaseProduct.swift in Sources */,
				16A901391C66C5E30031B25C /* AppStoreManager.swift in Sources */,
				168D91721C54C17A0069D44D /* CombinationItem.swift in Sources */,
				1678561E1C53A1BA00DC21E8 /* AppDelegate.swift in Sources */,
				1640D38E1C6EAD6800A9ADA5 /* AppContext.swift in Sources */,
				168D91621C549E130069D44D /* CombinationListTableViewController.swift in Sources */,
				168D91661C54A4870069D44D /* CombinationListTableViewCell.swift in Sources */,
				166436DD1CA76280004116D0 /* MyCategoryCombinationItemListTableViewCell.swift in Sources */,
				168D91691C54AC8C0069D44D /* CombinationListFilteredTableViewController.swift in Sources */,
				169B02391C6758F800194927 /* ReceiptValidator.swift in Sources */,
				168D91781C54E0300069D44D /* CombinationItemCombinationEditTableViewCell.swift in Sources */,
				168D91601C5488A70069D44D /* CombinationListBaseTableViewController.swift in Sources */,
				16A901361C66C3580031B25C /* InAppPurchaseProductsListTableViewController.swift in Sources */,
				166436DF1CA7920F004116D0 /* MyCategoryCombinationItemViewController.swift in Sources */,
				167856651C543D1E00DC21E8 /* Folder.swift in Sources */,
				16A665461C81943F00413A3F /* PhotosUtility.swift in Sources */,
				168D917A1C54E6760069D44D /* CombinationItemCollectionViewCell.swift in Sources */,
				168D91741C54C7220069D44D /* CombinationEditTableViewController.swift in Sources */,
				168D917E1C550A190069D44D /* CombinationItemViewController.swift in Sources */,
				167856691C54522400DC21E8 /* FolderListTableViewController.swift in Sources */,
				1640D3921C6ED2BE00A9ADA5 /* UIViewControllerExtensions.swift in Sources */,
				168972431C9580FF00BBA648 /* CombinationItemsOfMyCategoryCollectionViewCell.swift in Sources */,
				167856671C54450900DC21E8 /* Combination.swift in Sources */,
				168D91701C54BFF60069D44D /* Category.swift in Sources */,
				16B0A28D1CA672E200079F59 /* CategoryPickerTableViewCell.swift in Sources */,
				166436DB1CA75AE6004116D0 /* MyCategoryCombinationItemListTableViewController.swift in Sources */,
				1689FA8B1C79A6E8007E47FF /* FolderPickerTableViewController.swift in Sources */,
				1689723B1C9563C000BBA648 /* MyCategoryListTableViewController.swift in Sources */,
				166C44C91CCAFDB20008C193 /* AdBannerViewController.swift in Sources */,
				168972411C957B5800BBA648 /* CombinationItemsOfMyCategoryCollectionViewController.swift in Sources */,
				168D917C1C54F36F0069D44D /* CategoryPickerTableViewController.swift in Sources */,
				169B02431C676A9B00194927 /* MixAndMatch-Bridging-Header.m in Sources */,
				16A665481C82D7B600413A3F /* RearrangeTableViewController.swift in Sources */,
			);
			runOnlyForDeploymentPostprocessing = 0;
		};
		1678562A1C53A1BA00DC21E8 /* Sources */ = {
			isa = PBXSourcesBuildPhase;
			buildActionMask = 2147483647;
			files = (
				167856331C53A1BA00DC21E8 /* MixAndMatchTests.swift in Sources */,
				166C44CA1CCAFDB20008C193 /* AdBannerViewController.swift in Sources */,
			);
			runOnlyForDeploymentPostprocessing = 0;
		};
		167856351C53A1BA00DC21E8 /* Sources */ = {
			isa = PBXSourcesBuildPhase;
			buildActionMask = 2147483647;
			files = (
				1678563E1C53A1BA00DC21E8 /* MixAndMatchUITests.swift in Sources */,
				166C44CB1CCAFDB20008C193 /* AdBannerViewController.swift in Sources */,
			);
			runOnlyForDeploymentPostprocessing = 0;
		};
/* End PBXSourcesBuildPhase section */

/* Begin PBXTargetDependency section */
		167856301C53A1BA00DC21E8 /* PBXTargetDependency */ = {
			isa = PBXTargetDependency;
			target = 167856191C53A1BA00DC21E8 /* MixAndMatch */;
			targetProxy = 1678562F1C53A1BA00DC21E8 /* PBXContainerItemProxy */;
		};
		1678563B1C53A1BA00DC21E8 /* PBXTargetDependency */ = {
			isa = PBXTargetDependency;
			target = 167856191C53A1BA00DC21E8 /* MixAndMatch */;
			targetProxy = 1678563A1C53A1BA00DC21E8 /* PBXContainerItemProxy */;
		};
/* End PBXTargetDependency section */

/* Begin PBXVariantGroup section */
		167856211C53A1BA00DC21E8 /* Main.storyboard */ = {
			isa = PBXVariantGroup;
			children = (
				167856221C53A1BA00DC21E8 /* Base */,
			);
			name = Main.storyboard;
			sourceTree = "<group>";
		};
		167856261C53A1BA00DC21E8 /* LaunchScreen.storyboard */ = {
			isa = PBXVariantGroup;
			children = (
				167856271C53A1BA00DC21E8 /* Base */,
			);
			name = LaunchScreen.storyboard;
			sourceTree = "<group>";
		};
/* End PBXVariantGroup section */

/* Begin XCBuildConfiguration section */
		167856401C53A1BA00DC21E8 /* Debug */ = {
			isa = XCBuildConfiguration;
			buildSettings = {
				ALWAYS_SEARCH_USER_PATHS = NO;
				CLANG_CXX_LANGUAGE_STANDARD = "gnu++0x";
				CLANG_CXX_LIBRARY = "libc++";
				CLANG_ENABLE_MODULES = YES;
				CLANG_ENABLE_OBJC_ARC = YES;
				CLANG_WARN_BOOL_CONVERSION = YES;
				CLANG_WARN_CONSTANT_CONVERSION = YES;
				CLANG_WARN_DIRECT_OBJC_ISA_USAGE = YES_ERROR;
				CLANG_WARN_EMPTY_BODY = YES;
				CLANG_WARN_ENUM_CONVERSION = YES;
				CLANG_WARN_INT_CONVERSION = YES;
				CLANG_WARN_OBJC_ROOT_CLASS = YES_ERROR;
				CLANG_WARN_UNREACHABLE_CODE = YES;
				CLANG_WARN__DUPLICATE_METHOD_MATCH = YES;
				"CODE_SIGN_IDENTITY[sdk=iphoneos*]" = "iPhone Developer";
				COPY_PHASE_STRIP = NO;
				DEBUG_INFORMATION_FORMAT = dwarf;
				ENABLE_BITCODE = YES;
				ENABLE_STRICT_OBJC_MSGSEND = YES;
				ENABLE_TESTABILITY = YES;
				GCC_C_LANGUAGE_STANDARD = gnu99;
				GCC_DYNAMIC_NO_PIC = NO;
				GCC_NO_COMMON_BLOCKS = YES;
				GCC_OPTIMIZATION_LEVEL = 0;
				GCC_PREPROCESSOR_DEFINITIONS = (
					"DEBUG=1",
					"$(inherited)",
				);
				GCC_WARN_64_TO_32_BIT_CONVERSION = YES;
				GCC_WARN_ABOUT_RETURN_TYPE = YES_ERROR;
				GCC_WARN_UNDECLARED_SELECTOR = YES;
				GCC_WARN_UNINITIALIZED_AUTOS = YES_AGGRESSIVE;
				GCC_WARN_UNUSED_FUNCTION = YES;
				GCC_WARN_UNUSED_VARIABLE = YES;
				IPHONEOS_DEPLOYMENT_TARGET = 9.0;
				MTL_ENABLE_DEBUG_INFO = YES;
				ONLY_ACTIVE_ARCH = YES;
				SDKROOT = iphoneos;
				SWIFT_OPTIMIZATION_LEVEL = "-Onone";
			};
			name = Debug;
		};
		167856411C53A1BA00DC21E8 /* Release */ = {
			isa = XCBuildConfiguration;
			buildSettings = {
				ALWAYS_SEARCH_USER_PATHS = NO;
				CLANG_CXX_LANGUAGE_STANDARD = "gnu++0x";
				CLANG_CXX_LIBRARY = "libc++";
				CLANG_ENABLE_MODULES = YES;
				CLANG_ENABLE_OBJC_ARC = YES;
				CLANG_WARN_BOOL_CONVERSION = YES;
				CLANG_WARN_CONSTANT_CONVERSION = YES;
				CLANG_WARN_DIRECT_OBJC_ISA_USAGE = YES_ERROR;
				CLANG_WARN_EMPTY_BODY = YES;
				CLANG_WARN_ENUM_CONVERSION = YES;
				CLANG_WARN_INT_CONVERSION = YES;
				CLANG_WARN_OBJC_ROOT_CLASS = YES_ERROR;
				CLANG_WARN_UNREACHABLE_CODE = YES;
				CLANG_WARN__DUPLICATE_METHOD_MATCH = YES;
				"CODE_SIGN_IDENTITY[sdk=iphoneos*]" = "iPhone Developer";
				COPY_PHASE_STRIP = NO;
				DEBUG_INFORMATION_FORMAT = "dwarf-with-dsym";
				ENABLE_BITCODE = YES;
				ENABLE_NS_ASSERTIONS = NO;
				ENABLE_STRICT_OBJC_MSGSEND = YES;
				GCC_C_LANGUAGE_STANDARD = gnu99;
				GCC_NO_COMMON_BLOCKS = YES;
				GCC_WARN_64_TO_32_BIT_CONVERSION = YES;
				GCC_WARN_ABOUT_RETURN_TYPE = YES_ERROR;
				GCC_WARN_UNDECLARED_SELECTOR = YES;
				GCC_WARN_UNINITIALIZED_AUTOS = YES_AGGRESSIVE;
				GCC_WARN_UNUSED_FUNCTION = YES;
				GCC_WARN_UNUSED_VARIABLE = YES;
				IPHONEOS_DEPLOYMENT_TARGET = 9.0;
				MTL_ENABLE_DEBUG_INFO = NO;
				SDKROOT = iphoneos;
				VALIDATE_PRODUCT = YES;
			};
			name = Release;
		};
		167856431C53A1BA00DC21E8 /* Debug */ = {
			isa = XCBuildConfiguration;
			baseConfigurationReference = F49D90E225139D9CE61D3802 /* Pods.debug.xcconfig */;
			buildSettings = {
				ALWAYS_SEARCH_USER_PATHS = YES;
				ASSETCATALOG_COMPILER_APPICON_NAME = AppIcon;
				CLANG_ENABLE_MODULES = YES;
				CODE_SIGN_IDENTITY = "iPhone Developer";
				ENABLE_BITCODE = YES;
				FRAMEWORK_SEARCH_PATHS = (
					"$(inherited)",
					"$(PROJECT_DIR)/Carthage/Build/iOS",
				);
				HEADER_SEARCH_PATHS = (
					MixAndMatch/include,
					"$(inherited)",
				);
				INFOPLIST_FILE = MixAndMatch/Info.plist;
				IPHONEOS_DEPLOYMENT_TARGET = 9.0;
				LD_RUNPATH_SEARCH_PATHS = "$(inherited) @executable_path/Frameworks";
				LIBRARY_SEARCH_PATHS = (
					"$(inherited)",
					"$(PROJECT_DIR)/MixAndMatch/Lib",
					./MixAndMatch/lib,
					./MixAndMatch,
					"$(PROJECT_DIR)/MixAndMatch/lib",
				);
				PRODUCT_BUNDLE_IDENTIFIER = jp.cafe.MixAndMatch;
				PRODUCT_NAME = "$(TARGET_NAME)";
				SWIFT_OBJC_BRIDGING_HEADER = "MixAndMatch/MixAndMatch-Bridging-Header.h";
				SWIFT_OPTIMIZATION_LEVEL = "-Onone";
			};
			name = Debug;
		};
		167856441C53A1BA00DC21E8 /* Release */ = {
			isa = XCBuildConfiguration;
			baseConfigurationReference = F193DB8344BD7DEAE0F2F476 /* Pods.release.xcconfig */;
			buildSettings = {
				ALWAYS_SEARCH_USER_PATHS = YES;
				ASSETCATALOG_COMPILER_APPICON_NAME = AppIcon;
				CLANG_ENABLE_MODULES = YES;
				CODE_SIGN_IDENTITY = "iPhone Distribution";
				ENABLE_BITCODE = YES;
				FRAMEWORK_SEARCH_PATHS = (
					"$(inherited)",
					"$(PROJECT_DIR)/Carthage/Build/iOS",
				);
				HEADER_SEARCH_PATHS = (
					MixAndMatch/include,
					"$(inherited)",
				);
				INFOPLIST_FILE = MixAndMatch/Info.plist;
				IPHONEOS_DEPLOYMENT_TARGET = 9.0;
				LD_RUNPATH_SEARCH_PATHS = "$(inherited) @executable_path/Frameworks";
				LIBRARY_SEARCH_PATHS = (
					"$(inherited)",
					"$(PROJECT_DIR)/MixAndMatch/Lib",
					./MixAndMatch/lib,
					./MixAndMatch,
					"$(PROJECT_DIR)/MixAndMatch/lib",
				);
				PRODUCT_BUNDLE_IDENTIFIER = jp.cafe.MixAndMatch;
				PRODUCT_NAME = "$(TARGET_NAME)";
				SWIFT_OBJC_BRIDGING_HEADER = "MixAndMatch/MixAndMatch-Bridging-Header.h";
			};
			name = Release;
		};
		167856461C53A1BA00DC21E8 /* Debug */ = {
			isa = XCBuildConfiguration;
			buildSettings = {
				BUNDLE_LOADER = "$(TEST_HOST)";
				INFOPLIST_FILE = MixAndMatchTests/Info.plist;
				LD_RUNPATH_SEARCH_PATHS = "$(inherited) @executable_path/Frameworks @loader_path/Frameworks";
				PRODUCT_BUNDLE_IDENTIFIER = jp.cafe.MixAndMatchTests;
				PRODUCT_NAME = "$(TARGET_NAME)";
				TEST_HOST = "$(BUILT_PRODUCTS_DIR)/MixAndMatch.app/MixAndMatch";
			};
			name = Debug;
		};
		167856471C53A1BA00DC21E8 /* Release */ = {
			isa = XCBuildConfiguration;
			buildSettings = {
				BUNDLE_LOADER = "$(TEST_HOST)";
				INFOPLIST_FILE = MixAndMatchTests/Info.plist;
				LD_RUNPATH_SEARCH_PATHS = "$(inherited) @executable_path/Frameworks @loader_path/Frameworks";
				PRODUCT_BUNDLE_IDENTIFIER = jp.cafe.MixAndMatchTests;
				PRODUCT_NAME = "$(TARGET_NAME)";
				TEST_HOST = "$(BUILT_PRODUCTS_DIR)/MixAndMatch.app/MixAndMatch";
			};
			name = Release;
		};
		167856491C53A1BA00DC21E8 /* Debug */ = {
			isa = XCBuildConfiguration;
			buildSettings = {
				INFOPLIST_FILE = MixAndMatchUITests/Info.plist;
				LD_RUNPATH_SEARCH_PATHS = "$(inherited) @executable_path/Frameworks @loader_path/Frameworks";
				PRODUCT_BUNDLE_IDENTIFIER = jp.cafe.MixAndMatchUITests;
				PRODUCT_NAME = "$(TARGET_NAME)";
				TEST_TARGET_NAME = MixAndMatch;
				USES_XCTRUNNER = YES;
			};
			name = Debug;
		};
		1678564A1C53A1BA00DC21E8 /* Release */ = {
			isa = XCBuildConfiguration;
			buildSettings = {
				INFOPLIST_FILE = MixAndMatchUITests/Info.plist;
				LD_RUNPATH_SEARCH_PATHS = "$(inherited) @executable_path/Frameworks @loader_path/Frameworks";
				PRODUCT_BUNDLE_IDENTIFIER = jp.cafe.MixAndMatchUITests;
				PRODUCT_NAME = "$(TARGET_NAME)";
				TEST_TARGET_NAME = MixAndMatch;
				USES_XCTRUNNER = YES;
			};
			name = Release;
		};
/* End XCBuildConfiguration section */

/* Begin XCConfigurationList section */
		167856151C53A1BA00DC21E8 /* Build configuration list for PBXProject "MixAndMatch" */ = {
			isa = XCConfigurationList;
			buildConfigurations = (
				167856401C53A1BA00DC21E8 /* Debug */,
				167856411C53A1BA00DC21E8 /* Release */,
			);
			defaultConfigurationIsVisible = 0;
			defaultConfigurationName = Release;
		};
		167856421C53A1BA00DC21E8 /* Build configuration list for PBXNativeTarget "MixAndMatch" */ = {
			isa = XCConfigurationList;
			buildConfigurations = (
				167856431C53A1BA00DC21E8 /* Debug */,
				167856441C53A1BA00DC21E8 /* Release */,
			);
			defaultConfigurationIsVisible = 0;
			defaultConfigurationName = Release;
		};
		167856451C53A1BA00DC21E8 /* Build configuration list for PBXNativeTarget "MixAndMatchTests" */ = {
			isa = XCConfigurationList;
			buildConfigurations = (
				167856461C53A1BA00DC21E8 /* Debug */,
				167856471C53A1BA00DC21E8 /* Release */,
			);
			defaultConfigurationIsVisible = 0;
			defaultConfigurationName = Release;
		};
		167856481C53A1BA00DC21E8 /* Build configuration list for PBXNativeTarget "MixAndMatchUITests" */ = {
			isa = XCConfigurationList;
			buildConfigurations = (
				167856491C53A1BA00DC21E8 /* Debug */,
				1678564A1C53A1BA00DC21E8 /* Release */,
			);
			defaultConfigurationIsVisible = 0;
			defaultConfigurationName = Release;
		};
/* End XCConfigurationList section */
	};
	rootObject = 167856121C53A1BA00DC21E8 /* Project object */;
}
